
Microsoft Visual Studio Solution File, Format Version 12.00
# Visual Studio 2013
VisualStudioVersion = 12.0.21005.1
MinimumVisualStudioVersion = 10.0.40219.1
Project("{8BC9CEB8-8B4A-11D0-8D11-00A0C91BC942}") = "CS351_HW1_LANE", "CS351_HW1_LANE.vcxproj", "{E9DD369A-1385-42CE-8E7C-AFC27B2C235D}"
EndProject
Global
	GlobalSection(SolutionConfigurationPlatforms) = preSolution
		Debug|Win32 = Debug|Win32
		Release|Win32 = Release|Win32
	EndGlobalSection
	GlobalSection(ProjectConfigurationPlatforms) = postSolution
		{E9DD369A-1385-42CE-8E7C-AFC27B2C235D}.Debug|Win32.ActiveCfg = Debug|Win32
		{E9DD369A-1385-42CE-8E7C-AFC27B2C235D}.Debug|Win32.Build.0 = Debug|Win32
		{E9DD369A-1385-42CE-8E7C-AFC27B2C235D}.Release|Win32.ActiveCfg = Release|Win32
		{E9DD369A-1385-42CE-8E7C-AFC27B2C235D}.Release|Win32.Build.0 = Release|Win32
	EndGlobalSection
	GlobalSection(SolutionProperties) = preSolution
		HideSolutionNode = FALSE
	EndGlobalSection
EndGlobal
